// !$*UTF8*$!
{
	archiveVersion = 1;
	classes = {
	};
	objectVersion = 46;
	objects = {

/* Begin PBXBuildFile section */
		08219D7FA31696E84A8B4853 /* Pods_PodTest.framework in Frameworks */ = {isa = PBXBuildFile; fileRef = F8FF0A76158A77D48026BB98 /* Pods_PodTest.framework */; };
		3D299CAE05D7B975798D5C91 /* Pods_PodTestUITests.framework in Frameworks */ = {isa = PBXBuildFile; fileRef = 09D7C1C62BDCE33E8313955A /* Pods_PodTestUITests.framework */; };
		537DCBAE209B3B0F42E57AF3 /* Pods_PodTestTests.framework in Frameworks */ = {isa = PBXBuildFile; fileRef = 75AF32717982118D498C4228 /* Pods_PodTestTests.framework */; };
		D5C4C05B1F1865ED002B4218 /* AppDelegate.swift in Sources */ = {isa = PBXBuildFile; fileRef = D5C4C05A1F1865ED002B4218 /* AppDelegate.swift */; };
		D5C4C05D1F1865ED002B4218 /* ViewController.swift in Sources */ = {isa = PBXBuildFile; fileRef = D5C4C05C1F1865ED002B4218 /* ViewController.swift */; };
		D5C4C0601F1865EE002B4218 /* Main.storyboard in Resources */ = {isa = PBXBuildFile; fileRef = D5C4C05E1F1865EE002B4218 /* Main.storyboard */; };
		D5C4C0621F1865EE002B4218 /* Assets.xcassets in Resources */ = {isa = PBXBuildFile; fileRef = D5C4C0611F1865EE002B4218 /* Assets.xcassets */; };
		D5C4C0651F1865EE002B4218 /* LaunchScreen.storyboard in Resources */ = {isa = PBXBuildFile; fileRef = D5C4C0631F1865EE002B4218 /* LaunchScreen.storyboard */; };
		D5C4C0701F1865EE002B4218 /* PodTestTests.swift in Sources */ = {isa = PBXBuildFile; fileRef = D5C4C06F1F1865EE002B4218 /* PodTestTests.swift */; };
		D5C4C07B1F1865EE002B4218 /* PodTestUITests.swift in Sources */ = {isa = PBXBuildFile; fileRef = D5C4C07A1F1865EE002B4218 /* PodTestUITests.swift */; };
/* End PBXBuildFile section */

/* Begin PBXContainerItemProxy section */
		D5C4C06C1F1865EE002B4218 /* PBXContainerItemProxy */ = {
			isa = PBXContainerItemProxy;
			containerPortal = D5C4C04F1F1865ED002B4218 /* Project object */;
			proxyType = 1;
			remoteGlobalIDString = D5C4C0561F1865ED002B4218;
			remoteInfo = PodTest;
		};
		D5C4C0771F1865EE002B4218 /* PBXContainerItemProxy */ = {
			isa = PBXContainerItemProxy;
			containerPortal = D5C4C04F1F1865ED002B4218 /* Project object */;
			proxyType = 1;
			remoteGlobalIDString = D5C4C0561F1865ED002B4218;
			remoteInfo = PodTest;
		};
/* End PBXContainerItemProxy section */

/* Begin PBXFileReference section */
		091144143908784E1053ABCD /* Pods-PodTestTests.debug.xcconfig */ = {isa = PBXFileReference; includeInIndex = 1; lastKnownFileType = text.xcconfig; name = "Pods-PodTestTests.debug.xcconfig"; path = "Pods/Target Support Files/Pods-PodTestTests/Pods-PodTestTests.debug.xcconfig"; sourceTree = "<group>"; };
		09D7C1C62BDCE33E8313955A /* Pods_PodTestUITests.framework */ = {isa = PBXFileReference; explicitFileType = wrapper.framework; includeInIndex = 0; path = Pods_PodTestUITests.framework; sourceTree = BUILT_PRODUCTS_DIR; };
		5CAC7648539A22A2A01BC6BD /* Pods-PodTest.release.xcconfig */ = {isa = PBXFileReference; includeInIndex = 1; lastKnownFileType = text.xcconfig; name = "Pods-PodTest.release.xcconfig"; path = "Pods/Target Support Files/Pods-PodTest/Pods-PodTest.release.xcconfig"; sourceTree = "<group>"; };
		75AF32717982118D498C4228 /* Pods_PodTestTests.framework */ = {isa = PBXFileReference; explicitFileType = wrapper.framework; includeInIndex = 0; path = Pods_PodTestTests.framework; sourceTree = BUILT_PRODUCTS_DIR; };
		BE582B0DFF9D0CFA388D1574 /* Pods-PodTest.debug.xcconfig */ = {isa = PBXFileReference; includeInIndex = 1; lastKnownFileType = text.xcconfig; name = "Pods-PodTest.debug.xcconfig"; path = "Pods/Target Support Files/Pods-PodTest/Pods-PodTest.debug.xcconfig"; sourceTree = "<group>"; };
		D5C4C0571F1865ED002B4218 /* PodTest.app */ = {isa = PBXFileReference; explicitFileType = wrapper.application; includeInIndex = 0; path = PodTest.app; sourceTree = BUILT_PRODUCTS_DIR; };
		D5C4C05A1F1865ED002B4218 /* AppDelegate.swift */ = {isa = PBXFileReference; lastKnownFileType = sourcecode.swift; path = AppDelegate.swift; sourceTree = "<group>"; };
		D5C4C05C1F1865ED002B4218 /* ViewController.swift */ = {isa = PBXFileReference; lastKnownFileType = sourcecode.swift; path = ViewController.swift; sourceTree = "<group>"; };
		D5C4C05F1F1865EE002B4218 /* Base */ = {isa = PBXFileReference; lastKnownFileType = file.storyboard; name = Base; path = Base.lproj/Main.storyboard; sourceTree = "<group>"; };
		D5C4C0611F1865EE002B4218 /* Assets.xcassets */ = {isa = PBXFileReference; lastKnownFileType = folder.assetcatalog; path = Assets.xcassets; sourceTree = "<group>"; };
		D5C4C0641F1865EE002B4218 /* Base */ = {isa = PBXFileReference; lastKnownFileType = file.storyboard; name = Base; path = Base.lproj/LaunchScreen.storyboard; sourceTree = "<group>"; };
		D5C4C0661F1865EE002B4218 /* Info.plist */ = {isa = PBXFileReference; lastKnownFileType = text.plist.xml; path = Info.plist; sourceTree = "<group>"; };
		D5C4C06B1F1865EE002B4218 /* PodTestTests.xctest */ = {isa = PBXFileReference; explicitFileType = wrapper.cfbundle; includeInIndex = 0; path = PodTestTests.xctest; sourceTree = BUILT_PRODUCTS_DIR; };
		D5C4C06F1F1865EE002B4218 /* PodTestTests.swift */ = {isa = PBXFileReference; lastKnownFileType = sourcecode.swift; path = PodTestTests.swift; sourceTree = "<group>"; };
		D5C4C0711F1865EE002B4218 /* Info.plist */ = {isa = PBXFileReference; lastKnownFileType = text.plist.xml; path = Info.plist; sourceTree = "<group>"; };
		D5C4C0761F1865EE002B4218 /* PodTestUITests.xctest */ = {isa = PBXFileReference; explicitFileType = wrapper.cfbundle; includeInIndex = 0; path = PodTestUITests.xctest; sourceTree = BUILT_PRODUCTS_DIR; };
		D5C4C07A1F1865EE002B4218 /* PodTestUITests.swift */ = {isa = PBXFileReference; lastKnownFileType = sourcecode.swift; path = PodTestUITests.swift; sourceTree = "<group>"; };
		D5C4C07C1F1865EE002B4218 /* Info.plist */ = {isa = PBXFileReference; lastKnownFileType = text.plist.xml; path = Info.plist; sourceTree = "<group>"; };
		D8F4B79F81E0C4040C898F65 /* Pods-PodTestTests.release.xcconfig */ = {isa = PBXFileReference; includeInIndex = 1; lastKnownFileType = text.xcconfig; name = "Pods-PodTestTests.release.xcconfig"; path = "Pods/Target Support Files/Pods-PodTestTests/Pods-PodTestTests.release.xcconfig"; sourceTree = "<group>"; };
		E33FEFD96AC51F0A498B08CE /* Pods-PodTestUITests.debug.xcconfig */ = {isa = PBXFileReference; includeInIndex = 1; lastKnownFileType = text.xcconfig; name = "Pods-PodTestUITests.debug.xcconfig"; path = "Pods/Target Support Files/Pods-PodTestUITests/Pods-PodTestUITests.debug.xcconfig"; sourceTree = "<group>"; };
		EDCDD8A3A39E2F4888E4333A /* Pods-PodTestUITests.release.xcconfig */ = {isa = PBXFileReference; includeInIndex = 1; lastKnownFileType = text.xcconfig; name = "Pods-PodTestUITests.release.xcconfig"; path = "Pods/Target Support Files/Pods-PodTestUITests/Pods-PodTestUITests.release.xcconfig"; sourceTree = "<group>"; };
		F8FF0A76158A77D48026BB98 /* Pods_PodTest.framework */ = {isa = PBXFileReference; explicitFileType = wrapper.framework; includeInIndex = 0; path = Pods_PodTest.framework; sourceTree = BUILT_PRODUCTS_DIR; };
/* End PBXFileReference section */

/* Begin PBXFrameworksBuildPhase section */
		D5C4C0541F1865ED002B4218 /* Frameworks */ = {
			isa = PBXFrameworksBuildPhase;
			buildActionMask = 2147483647;
			files = (
				08219D7FA31696E84A8B4853 /* Pods_PodTest.framework in Frameworks */,
			);
			runOnlyForDeploymentPostprocessing = 0;
		};
		D5C4C0681F1865EE002B4218 /* Frameworks */ = {
			isa = PBXFrameworksBuildPhase;
			buildActionMask = 2147483647;
			files = (
				537DCBAE209B3B0F42E57AF3 /* Pods_PodTestTests.framework in Frameworks */,
			);
			runOnlyForDeploymentPostprocessing = 0;
		};
		D5C4C0731F1865EE002B4218 /* Frameworks */ = {
			isa = PBXFrameworksBuildPhase;
			buildActionMask = 2147483647;
			files = (
				3D299CAE05D7B975798D5C91 /* Pods_PodTestUITests.framework in Frameworks */,
			);
			runOnlyForDeploymentPostprocessing = 0;
		};
/* End PBXFrameworksBuildPhase section */

/* Begin PBXGroup section */
		0B90D07DFD622847786CF862 /* Frameworks */ = {
			isa = PBXGroup;
			children = (
				F8FF0A76158A77D48026BB98 /* Pods_PodTest.framework */,
				75AF32717982118D498C4228 /* Pods_PodTestTests.framework */,
				09D7C1C62BDCE33E8313955A /* Pods_PodTestUITests.framework */,
			);
			name = Frameworks;
			sourceTree = "<group>";
		};
		2C523101B1611A36E5041FFE /* Pods */ = {
			isa = PBXGroup;
			children = (
				BE582B0DFF9D0CFA388D1574 /* Pods-PodTest.debug.xcconfig */,
				5CAC7648539A22A2A01BC6BD /* Pods-PodTest.release.xcconfig */,
				091144143908784E1053ABCD /* Pods-PodTestTests.debug.xcconfig */,
				D8F4B79F81E0C4040C898F65 /* Pods-PodTestTests.release.xcconfig */,
				E33FEFD96AC51F0A498B08CE /* Pods-PodTestUITests.debug.xcconfig */,
				EDCDD8A3A39E2F4888E4333A /* Pods-PodTestUITests.release.xcconfig */,
			);
			name = Pods;
			sourceTree = "<group>";
		};
		D5C4C04E1F1865ED002B4218 = {
			isa = PBXGroup;
			children = (
				D5C4C0591F1865ED002B4218 /* PodTest */,
				D5C4C06E1F1865EE002B4218 /* PodTestTests */,
				D5C4C0791F1865EE002B4218 /* PodTestUITests */,
				D5C4C0581F1865ED002B4218 /* Products */,
				2C523101B1611A36E5041FFE /* Pods */,
				0B90D07DFD622847786CF862 /* Frameworks */,
			);
			sourceTree = "<group>";
		};
		D5C4C0581F1865ED002B4218 /* Products */ = {
			isa = PBXGroup;
			children = (
				D5C4C0571F1865ED002B4218 /* PodTest.app */,
				D5C4C06B1F1865EE002B4218 /* PodTestTests.xctest */,
				D5C4C0761F1865EE002B4218 /* PodTestUITests.xctest */,
			);
			name = Products;
			sourceTree = "<group>";
		};
		D5C4C0591F1865ED002B4218 /* PodTest */ = {
			isa = PBXGroup;
			children = (
				D5C4C05A1F1865ED002B4218 /* AppDelegate.swift */,
				D5C4C05C1F1865ED002B4218 /* ViewController.swift */,
				D5C4C05E1F1865EE002B4218 /* Main.storyboard */,
				D5C4C0611F1865EE002B4218 /* Assets.xcassets */,
				D5C4C0631F1865EE002B4218 /* LaunchScreen.storyboard */,
				D5C4C0661F1865EE002B4218 /* Info.plist */,
			);
			path = PodTest;
			sourceTree = "<group>";
		};
		D5C4C06E1F1865EE002B4218 /* PodTestTests */ = {
			isa = PBXGroup;
			children = (
				D5C4C06F1F1865EE002B4218 /* PodTestTests.swift */,
				D5C4C0711F1865EE002B4218 /* Info.plist */,
			);
			path = PodTestTests;
			sourceTree = "<group>";
		};
		D5C4C0791F1865EE002B4218 /* PodTestUITests */ = {
			isa = PBXGroup;
			children = (
				D5C4C07A1F1865EE002B4218 /* PodTestUITests.swift */,
				D5C4C07C1F1865EE002B4218 /* Info.plist */,
			);
			path = PodTestUITests;
			sourceTree = "<group>";
		};
/* End PBXGroup section */

/* Begin PBXNativeTarget section */
		D5C4C0561F1865ED002B4218 /* PodTest */ = {
			isa = PBXNativeTarget;
			buildConfigurationList = D5C4C07F1F1865EE002B4218 /* Build configuration list for PBXNativeTarget "PodTest" */;
			buildPhases = (
				F932A5DD851C9CFC5A76B534 /* [CP] Check Pods Manifest.lock */,
				D5C4C0531F1865ED002B4218 /* Sources */,
				D5C4C0541F1865ED002B4218 /* Frameworks */,
				D5C4C0551F1865ED002B4218 /* Resources */,
				3A64BC6DCAD5725D6002EB4B /* [CP] Embed Pods Frameworks */,
				ED8AF8D66A79C05B70E37565 /* [CP] Copy Pods Resources */,
			);
			buildRules = (
			);
			dependencies = (
			);
			name = PodTest;
			productName = PodTest;
			productReference = D5C4C0571F1865ED002B4218 /* PodTest.app */;
			productType = "com.apple.product-type.application";
		};
		D5C4C06A1F1865EE002B4218 /* PodTestTests */ = {
			isa = PBXNativeTarget;
			buildConfigurationList = D5C4C0821F1865EE002B4218 /* Build configuration list for PBXNativeTarget "PodTestTests" */;
			buildPhases = (
				B7F40B2D6FE054A6D364D571 /* [CP] Check Pods Manifest.lock */,
				D5C4C0671F1865EE002B4218 /* Sources */,
				D5C4C0681F1865EE002B4218 /* Frameworks */,
				D5C4C0691F1865EE002B4218 /* Resources */,
				3B8645B2E887F80B3DBF2F07 /* [CP] Embed Pods Frameworks */,
				31CE071AEE3CA25F69A072D9 /* [CP] Copy Pods Resources */,
			);
			buildRules = (
			);
			dependencies = (
				D5C4C06D1F1865EE002B4218 /* PBXTargetDependency */,
			);
			name = PodTestTests;
			productName = PodTestTests;
			productReference = D5C4C06B1F1865EE002B4218 /* PodTestTests.xctest */;
			productType = "com.apple.product-type.bundle.unit-test";
		};
		D5C4C0751F1865EE002B4218 /* PodTestUITests */ = {
			isa = PBXNativeTarget;
			buildConfigurationList = D5C4C0851F1865EE002B4218 /* Build configuration list for PBXNativeTarget "PodTestUITests" */;
			buildPhases = (
				E6537C35867DB04D063028B4 /* [CP] Check Pods Manifest.lock */,
				D5C4C0721F1865EE002B4218 /* Sources */,
				D5C4C0731F1865EE002B4218 /* Frameworks */,
				D5C4C0741F1865EE002B4218 /* Resources */,
				A17C5322FAD3E2D9E10EEB7C /* [CP] Embed Pods Frameworks */,
				B9C4120E1EDE9D31D2C21B50 /* [CP] Copy Pods Resources */,
			);
			buildRules = (
			);
			dependencies = (
				D5C4C0781F1865EE002B4218 /* PBXTargetDependency */,
			);
			name = PodTestUITests;
			productName = PodTestUITests;
			productReference = D5C4C0761F1865EE002B4218 /* PodTestUITests.xctest */;
			productType = "com.apple.product-type.bundle.ui-testing";
		};
/* End PBXNativeTarget section */

/* Begin PBXProject section */
		D5C4C04F1F1865ED002B4218 /* Project object */ = {
			isa = PBXProject;
			attributes = {
				LastSwiftUpdateCheck = 0830;
				LastUpgradeCheck = 0830;
				ORGANIZATIONNAME = yunjikung;
				TargetAttributes = {
					D5C4C0561F1865ED002B4218 = {
						CreatedOnToolsVersion = 8.3.3;
						DevelopmentTeam = 824LPZL8P7;
						ProvisioningStyle = Automatic;
					};
					D5C4C06A1F1865EE002B4218 = {
						CreatedOnToolsVersion = 8.3.3;
						ProvisioningStyle = Automatic;
						TestTargetID = D5C4C0561F1865ED002B4218;
					};
					D5C4C0751F1865EE002B4218 = {
						CreatedOnToolsVersion = 8.3.3;
						ProvisioningStyle = Automatic;
						TestTargetID = D5C4C0561F1865ED002B4218;
					};
				};
			};
			buildConfigurationList = D5C4C0521F1865ED002B4218 /* Build configuration list for PBXProject "PodTest" */;
			compatibilityVersion = "Xcode 3.2";
			developmentRegion = English;
			hasScannedForEncodings = 0;
			knownRegions = (
				en,
				Base,
			);
			mainGroup = D5C4C04E1F1865ED002B4218;
			productRefGroup = D5C4C0581F1865ED002B4218 /* Products */;
			projectDirPath = "";
			projectRoot = "";
			targets = (
				D5C4C0561F1865ED002B4218 /* PodTest */,
				D5C4C06A1F1865EE002B4218 /* PodTestTests */,
				D5C4C0751F1865EE002B4218 /* PodTestUITests */,
			);
		};
/* End PBXProject section */

/* Begin PBXResourcesBuildPhase section */
		D5C4C0551F1865ED002B4218 /* Resources */ = {
			isa = PBXResourcesBuildPhase;
			buildActionMask = 2147483647;
			files = (
				D5C4C0651F1865EE002B4218 /* LaunchScreen.storyboard in Resources */,
				D5C4C0621F1865EE002B4218 /* Assets.xcassets in Resources */,
				D5C4C0601F1865EE002B4218 /* Main.storyboard in Resources */,
			);
			runOnlyForDeploymentPostprocessing = 0;
		};
		D5C4C0691F1865EE002B4218 /* Resources */ = {
			isa = PBXResourcesBuildPhase;
			buildActionMask = 2147483647;
			files = (
			);
			runOnlyForDeploymentPostprocessing = 0;
		};
		D5C4C0741F1865EE002B4218 /* Resources */ = {
			isa = PBXResourcesBuildPhase;
			buildActionMask = 2147483647;
			files = (
			);
			runOnlyForDeploymentPostprocessing = 0;
		};
/* End PBXResourcesBuildPhase section */

/* Begin PBXShellScriptBuildPhase section */
		31CE071AEE3CA25F69A072D9 /* [CP] Copy Pods Resources */ = {
			isa = PBXShellScriptBuildPhase;
			buildActionMask = 2147483647;
			files = (
			);
			inputPaths = (
			);
			name = "[CP] Copy Pods Resources";
			outputPaths = (
			);
			runOnlyForDeploymentPostprocessing = 0;
			shellPath = /bin/sh;
			shellScript = "\"${SRCROOT}/Pods/Target Support Files/Pods-PodTestTests/Pods-PodTestTests-resources.sh\"\n";
			showEnvVarsInLog = 0;
		};
		3A64BC6DCAD5725D6002EB4B /* [CP] Embed Pods Frameworks */ = {
			isa = PBXShellScriptBuildPhase;
			buildActionMask = 2147483647;
			files = (
			);
			inputPaths = (
			);
			name = "[CP] Embed Pods Frameworks";
			outputPaths = (
			);
			runOnlyForDeploymentPostprocessing = 0;
			shellPath = /bin/sh;
			shellScript = "\"${SRCROOT}/Pods/Target Support Files/Pods-PodTest/Pods-PodTest-frameworks.sh\"\n";
			showEnvVarsInLog = 0;
		};
		3B8645B2E887F80B3DBF2F07 /* [CP] Embed Pods Frameworks */ = {
			isa = PBXShellScriptBuildPhase;
			buildActionMask = 2147483647;
			files = (
			);
			inputPaths = (
			);
			name = "[CP] Embed Pods Frameworks";
			outputPaths = (
			);
			runOnlyForDeploymentPostprocessing = 0;
			shellPath = /bin/sh;
			shellScript = "\"${SRCROOT}/Pods/Target Support Files/Pods-PodTestTests/Pods-PodTestTests-frameworks.sh\"\n";
			showEnvVarsInLog = 0;
		};
		A17C5322FAD3E2D9E10EEB7C /* [CP] Embed Pods Frameworks */ = {
			isa = PBXShellScriptBuildPhase;
			buildActionMask = 2147483647;
			files = (
			);
			inputPaths = (
			);
			name = "[CP] Embed Pods Frameworks";
			outputPaths = (
			);
			runOnlyForDeploymentPostprocessing = 0;
			shellPath = /bin/sh;
			shellScript = "\"${SRCROOT}/Pods/Target Support Files/Pods-PodTestUITests/Pods-PodTestUITests-frameworks.sh\"\n";
			showEnvVarsInLog = 0;
		};
		B7F40B2D6FE054A6D364D571 /* [CP] Check Pods Manifest.lock */ = {
			isa = PBXShellScriptBuildPhase;
			buildActionMask = 2147483647;
			files = (
			);
			inputPaths = (
			);
			name = "[CP] Check Pods Manifest.lock";
			outputPaths = (
			);
			runOnlyForDeploymentPostprocessing = 0;
			shellPath = /bin/sh;
			shellScript = "diff \"${PODS_PODFILE_DIR_PATH}/Podfile.lock\" \"${PODS_ROOT}/Manifest.lock\" > /dev/null\nif [ $? != 0 ] ; then\n    # print error to STDERR\n    echo \"error: The sandbox is not in sync with the Podfile.lock. Run 'pod install' or update your CocoaPods installation.\" >&2\n    exit 1\nfi\n";
			showEnvVarsInLog = 0;
		};
		B9C4120E1EDE9D31D2C21B50 /* [CP] Copy Pods Resources */ = {
			isa = PBXShellScriptBuildPhase;
			buildActionMask = 2147483647;
			files = (
			);
			inputPaths = (
			);
			name = "[CP] Copy Pods Resources";
			outputPaths = (
			);
			runOnlyForDeploymentPostprocessing = 0;
			shellPath = /bin/sh;
			shellScript = "\"${SRCROOT}/Pods/Target Support Files/Pods-PodTestUITests/Pods-PodTestUITests-resources.sh\"\n";
			showEnvVarsInLog = 0;
		};
		E6537C35867DB04D063028B4 /* [CP] Check Pods Manifest.lock */ = {
			isa = PBXShellScriptBuildPhase;
			buildActionMask = 2147483647;
			files = (
			);
			inputPaths = (
			);
			name = "[CP] Check Pods Manifest.lock";
			outputPaths = (
			);
			runOnlyForDeploymentPostprocessing = 0;
			shellPath = /bin/sh;
			shellScript = "diff \"${PODS_PODFILE_DIR_PATH}/Podfile.lock\" \"${PODS_ROOT}/Manifest.lock\" > /dev/null\nif [ $? != 0 ] ; then\n    # print error to STDERR\n    echo \"error: The sandbox is not in sync with the Podfile.lock. Run 'pod install' or update your CocoaPods installation.\" >&2\n    exit 1\nfi\n";
			showEnvVarsInLog = 0;
		};
		ED8AF8D66A79C05B70E37565 /* [CP] Copy Pods Resources */ = {
			isa = PBXShellScriptBuildPhase;
			buildActionMask = 2147483647;
			files = (
			);
			inputPaths = (
			);
			name = "[CP] Copy Pods Resources";
			outputPaths = (
			);
			runOnlyForDeploymentPostprocessing = 0;
			shellPath = /bin/sh;
			shellScript = "\"${SRCROOT}/Pods/Target Support Files/Pods-PodTest/Pods-PodTest-resources.sh\"\n";
			showEnvVarsInLog = 0;
		};
		F932A5DD851C9CFC5A76B534 /* [CP] Check Pods Manifest.lock */ = {
			isa = PBXShellScriptBuildPhase;
			buildActionMask = 2147483647;
			files = (
			);
			inputPaths = (
			);
			name = "[CP] Check Pods Manifest.lock";
			outputPaths = (
			);
			runOnlyForDeploymentPostprocessing = 0;
			shellPath = /bin/sh;
			shellScript = "diff \"${PODS_PODFILE_DIR_PATH}/Podfile.lock\" \"${PODS_ROOT}/Manifest.lock\" > /dev/null\nif [ $? != 0 ] ; then\n    # print error to STDERR\n    echo \"error: The sandbox is not in sync with the Podfile.lock. Run 'pod install' or update your CocoaPods installation.\" >&2\n    exit 1\nfi\n";
			showEnvVarsInLog = 0;
		};
/* End PBXShellScriptBuildPhase section */

/* Begin PBXSourcesBuildPhase section */
		D5C4C0531F1865ED002B4218 /* Sources */ = {
			isa = PBXSourcesBuildPhase;
			buildActionMask = 2147483647;
			files = (
				D5C4C05D1F1865ED002B4218 /* ViewController.swift in Sources */,
				D5C4C05B1F1865ED002B4218 /* AppDelegate.swift in Sources */,
			);
			runOnlyForDeploymentPostprocessing = 0;
		};
		D5C4C0671F1865EE002B4218 /* Sources */ = {
			isa = PBXSourcesBuildPhase;
			buildActionMask = 2147483647;
			files = (
				D5C4C0701F1865EE002B4218 /* PodTestTests.swift in Sources */,
			);
			runOnlyForDeploymentPostprocessing = 0;
		};
		D5C4C0721F1865EE002B4218 /* Sources */ = {
			isa = PBXSourcesBuildPhase;
			buildActionMask = 2147483647;
			files = (
				D5C4C07B1F1865EE002B4218 /* PodTestUITests.swift in Sources */,
			);
			runOnlyForDeploymentPostprocessing = 0;
		};
/* End PBXSourcesBuildPhase section */

/* Begin PBXTargetDependency section */
		D5C4C06D1F1865EE002B4218 /* PBXTargetDependency */ = {
			isa = PBXTargetDependency;
			target = D5C4C0561F1865ED002B4218 /* PodTest */;
			targetProxy = D5C4C06C1F1865EE002B4218 /* PBXContainerItemProxy */;
		};
		D5C4C0781F1865EE002B4218 /* PBXTargetDependency */ = {
			isa = PBXTargetDependency;
			target = D5C4C0561F1865ED002B4218 /* PodTest */;
			targetProxy = D5C4C0771F1865EE002B4218 /* PBXContainerItemProxy */;
		};
/* End PBXTargetDependency section */

/* Begin PBXVariantGroup section */
		D5C4C05E1F1865EE002B4218 /* Main.storyboard */ = {
			isa = PBXVariantGroup;
			children = (
				D5C4C05F1F1865EE002B4218 /* Base */,
			);
			name = Main.storyboard;
			sourceTree = "<group>";
		};
		D5C4C0631F1865EE002B4218 /* LaunchScreen.storyboard */ = {
			isa = PBXVariantGroup;
			children = (
				D5C4C0641F1865EE002B4218 /* Base */,
			);
			name = LaunchScreen.storyboard;
			sourceTree = "<group>";
		};
/* End PBXVariantGroup section */

/* Begin XCBuildConfiguration section */
		D5C4C07D1F1865EE002B4218 /* Debug */ = {
			isa = XCBuildConfiguration;
			buildSettings = {
				ALWAYS_SEARCH_USER_PATHS = NO;
				CLANG_ANALYZER_NONNULL = YES;
				CLANG_ANALYZER_NUMBER_OBJECT_CONVERSION = YES_AGGRESSIVE;
				CLANG_CXX_LANGUAGE_STANDARD = "gnu++0x";
				CLANG_CXX_LIBRARY = "libc++";
				CLANG_ENABLE_MODULES = YES;
				CLANG_ENABLE_OBJC_ARC = YES;
				CLANG_WARN_BOOL_CONVERSION = YES;
				CLANG_WARN_CONSTANT_CONVERSION = YES;
				CLANG_WARN_DIRECT_OBJC_ISA_USAGE = YES_ERROR;
				CLANG_WARN_DOCUMENTATION_COMMENTS = YES;
				CLANG_WARN_EMPTY_BODY = YES;
				CLANG_WARN_ENUM_CONVERSION = YES;
				CLANG_WARN_INFINITE_RECURSION = YES;
				CLANG_WARN_INT_CONVERSION = YES;
				CLANG_WARN_OBJC_ROOT_CLASS = YES_ERROR;
				CLANG_WARN_SUSPICIOUS_MOVE = YES;
				CLANG_WARN_UNREACHABLE_CODE = YES;
				CLANG_WARN__DUPLICATE_METHOD_MATCH = YES;
				"CODE_SIGN_IDENTITY[sdk=iphoneos*]" = "iPhone Developer";
				COPY_PHASE_STRIP = NO;
				DEBUG_INFORMATION_FORMAT = dwarf;
				ENABLE_STRICT_OBJC_MSGSEND = YES;
				ENABLE_TESTABILITY = YES;
				GCC_C_LANGUAGE_STANDARD = gnu99;
				GCC_DYNAMIC_NO_PIC = NO;
				GCC_NO_COMMON_BLOCKS = YES;
				GCC_OPTIMIZATION_LEVEL = 0;
				GCC_PREPROCESSOR_DEFINITIONS = (
					"DEBUG=1",
					"$(inherited)",
				);
				GCC_WARN_64_TO_32_BIT_CONVERSION = YES;
				GCC_WARN_ABOUT_RETURN_TYPE = YES_ERROR;
				GCC_WARN_UNDECLARED_SELECTOR = YES;
				GCC_WARN_UNINITIALIZED_AUTOS = YES_AGGRESSIVE;
				GCC_WARN_UNUSED_FUNCTION = YES;
				GCC_WARN_UNUSED_VARIABLE = YES;
				IPHONEOS_DEPLOYMENT_TARGET = 10.3;
				MTL_ENABLE_DEBUG_INFO = YES;
				ONLY_ACTIVE_ARCH = YES;
				SDKROOT = iphoneos;
				SWIFT_ACTIVE_COMPILATION_CONDITIONS = DEBUG;
				SWIFT_OPTIMIZATION_LEVEL = "-Onone";
			};
			name = Debug;
		};
		D5C4C07E1F1865EE002B4218 /* Release */ = {
			isa = XCBuildConfiguration;
			buildSettings = {
				ALWAYS_SEARCH_USER_PATHS = NO;
				CLANG_ANALYZER_NONNULL = YES;
				CLANG_ANALYZER_NUMBER_OBJECT_CONVERSION = YES_AGGRESSIVE;
				CLANG_CXX_LANGUAGE_STANDARD = "gnu++0x";
				CLANG_CXX_LIBRARY = "libc++";
				CLANG_ENABLE_MODULES = YES;
				CLANG_ENABLE_OBJC_ARC = YES;
				CLANG_WARN_BOOL_CONVERSION = YES;
				CLANG_WARN_CONSTANT_CONVERSION = YES;
				CLANG_WARN_DIRECT_OBJC_ISA_USAGE = YES_ERROR;
				CLANG_WARN_DOCUMENTATION_COMMENTS = YES;
				CLANG_WARN_EMPTY_BODY = YES;
				CLANG_WARN_ENUM_CONVERSION = YES;
				CLANG_WARN_INFINITE_RECURSION = YES;
				CLANG_WARN_INT_CONVERSION = YES;
				CLANG_WARN_OBJC_ROOT_CLASS = YES_ERROR;
				CLANG_WARN_SUSPICIOUS_MOVE = YES;
				CLANG_WARN_UNREACHABLE_CODE = YES;
				CLANG_WARN__DUPLICATE_METHOD_MATCH = YES;
				"CODE_SIGN_IDENTITY[sdk=iphoneos*]" = "iPhone Developer";
				COPY_PHASE_STRIP = NO;
				DEBUG_INFORMATION_FORMAT = "dwarf-with-dsym";
				ENABLE_NS_ASSERTIONS = NO;
				ENABLE_STRICT_OBJC_MSGSEND = YES;
				GCC_C_LANGUAGE_STANDARD = gnu99;
				GCC_NO_COMMON_BLOCKS = YES;
				GCC_WARN_64_TO_32_BIT_CONVERSION = YES;
				GCC_WARN_ABOUT_RETURN_TYPE = YES_ERROR;
				GCC_WARN_UNDECLARED_SELECTOR = YES;
				GCC_WARN_UNINITIALIZED_AUTOS = YES_AGGRESSIVE;
				GCC_WARN_UNUSED_FUNCTION = YES;
				GCC_WARN_UNUSED_VARIABLE = YES;
				IPHONEOS_DEPLOYMENT_TARGET = 10.3;
				MTL_ENABLE_DEBUG_INFO = NO;
				SDKROOT = iphoneos;
				SWIFT_OPTIMIZATION_LEVEL = "-Owholemodule";
				VALIDATE_PRODUCT = YES;
			};
			name = Release;
		};
		D5C4C0801F1865EE002B4218 /* Debug */ = {
			isa = XCBuildConfiguration;
			baseConfigurationReference = BE582B0DFF9D0CFA388D1574 /* Pods-PodTest.debug.xcconfig */;
			buildSettings = {
				ASSETCATALOG_COMPILER_APPICON_NAME = AppIcon;
				"CODE_SIGN_IDENTITY[sdk=iphoneos*]" = "iPhone Developer";
				DEVELOPMENT_TEAM = 824LPZL8P7;
				INFOPLIST_FILE = PodTest/Info.plist;
				LD_RUNPATH_SEARCH_PATHS = "$(inherited) @executable_path/Frameworks";
				PRODUCT_BUNDLE_IDENTIFIER = com.yunjikung.PodTest;
				PRODUCT_NAME = "$(TARGET_NAME)";
				PROVISIONING_PROFILE_SPECIFIER = "";
				SWIFT_VERSION = 3.0;
			};
			name = Debug;
		};
		D5C4C0811F1865EE002B4218 /* Release */ = {
			isa = XCBuildConfiguration;
			baseConfigurationReference = 5CAC7648539A22A2A01BC6BD /* Pods-PodTest.release.xcconfig */;
			buildSettings = {
				ASSETCATALOG_COMPILER_APPICON_NAME = AppIcon;
				"CODE_SIGN_IDENTITY[sdk=iphoneos*]" = "iPhone Developer";
				DEVELOPMENT_TEAM = 824LPZL8P7;
				INFOPLIST_FILE = PodTest/Info.plist;
				LD_RUNPATH_SEARCH_PATHS = "$(inherited) @executable_path/Frameworks";
				PRODUCT_BUNDLE_IDENTIFIER = com.yunjikung.PodTest;
				PRODUCT_NAME = "$(TARGET_NAME)";
				PROVISIONING_PROFILE_SPECIFIER = "";
				SWIFT_VERSION = 3.0;
			};
			name = Release;
		};
		D5C4C0831F1865EE002B4218 /* Debug */ = {
			isa = XCBuildConfiguration;
			baseConfigurationReference = 091144143908784E1053ABCD /* Pods-PodTestTests.debug.xcconfig */;
			buildSettings = {
				ALWAYS_EMBED_SWIFT_STANDARD_LIBRARIES = YES;
				BUNDLE_LOADER = "$(TEST_HOST)";
				INFOPLIST_FILE = PodTestTests/Info.plist;
				LD_RUNPATH_SEARCH_PATHS = "$(inherited) @executable_path/Frameworks @loader_path/Frameworks";
				PRODUCT_BUNDLE_IDENTIFIER = com.yunjikung.PodTestTests;
				PRODUCT_NAME = "$(TARGET_NAME)";
				SWIFT_VERSION = 3.0;
				TEST_HOST = "$(BUILT_PRODUCTS_DIR)/PodTest.app/PodTest";
			};
			name = Debug;
		};
		D5C4C0841F1865EE002B4218 /* Release */ = {
			isa = XCBuildConfiguration;
			baseConfigurationReference = D8F4B79F81E0C4040C898F65 /* Pods-PodTestTests.release.xcconfig */;
			buildSettings = {
				ALWAYS_EMBED_SWIFT_STANDARD_LIBRARIES = YES;
				BUNDLE_LOADER = "$(TEST_HOST)";
				INFOPLIST_FILE = PodTestTests/Info.plist;
				LD_RUNPATH_SEARCH_PATHS = "$(inherited) @executable_path/Frameworks @loader_path/Frameworks";
				PRODUCT_BUNDLE_IDENTIFIER = com.yunjikung.PodTestTests;
				PRODUCT_NAME = "$(TARGET_NAME)";
				SWIFT_VERSION = 3.0;
				TEST_HOST = "$(BUILT_PRODUCTS_DIR)/PodTest.app/PodTest";
			};
			name = Release;
		};
		D5C4C0861F1865EE002B4218 /* Debug */ = {
			isa = XCBuildConfiguration;
			baseConfigurationReference = E33FEFD96AC51F0A498B08CE /* Pods-PodTestUITests.debug.xcconfig */;
			buildSettings = {
				ALWAYS_EMBED_SWIFT_STANDARD_LIBRARIES = YES;
				INFOPLIST_FILE = PodTestUITests/Info.plist;
				LD_RUNPATH_SEARCH_PATHS = "$(inherited) @executable_path/Frameworks @loader_path/Frameworks";
				PRODUCT_BUNDLE_IDENTIFIER = com.yunjikung.PodTestUITests;
				PRODUCT_NAME = "$(TARGET_NAME)";
				SWIFT_VERSION = 3.0;
				TEST_TARGET_NAME = PodTest;
			};
			name = Debug;
		};
		D5C4C0871F1865EE002B4218 /* Release */ = {
			isa = XCBuildConfiguration;
			baseConfigurationReference = EDCDD8A3A39E2F4888E4333A /* Pods-PodTestUITests.release.xcconfig */;
			buildSettings = {
				ALWAYS_EMBED_SWIFT_STANDARD_LIBRARIES = YES;
				INFOPLIST_FILE = PodTestUITests/Info.plist;
				LD_RUNPATH_SEARCH_PATHS = "$(inherited) @executable_path/Frameworks @loader_path/Frameworks";
				PRODUCT_BUNDLE_IDENTIFIER = com.yunjikung.PodTestUITests;
				PRODUCT_NAME = "$(TARGET_NAME)";
				SWIFT_VERSION = 3.0;
				TEST_TARGET_NAME = PodTest;
			};
			name = Release;
		};
/* End XCBuildConfiguration section */

/* Begin XCConfigurationList section */
		D5C4C0521F1865ED002B4218 /* Build configuration list for PBXProject "PodTest" */ = {
			isa = XCConfigurationList;
			buildConfigurations = (
				D5C4C07D1F1865EE002B4218 /* Debug */,
				D5C4C07E1F1865EE002B4218 /* Release */,
			);
			defaultConfigurationIsVisible = 0;
			defaultConfigurationName = Release;
		};
		D5C4C07F1F1865EE002B4218 /* Build configuration list for PBXNativeTarget "PodTest" */ = {
			isa = XCConfigurationList;
			buildConfigurations = (
				D5C4C0801F1865EE002B4218 /* Debug */,
				D5C4C0811F1865EE002B4218 /* Release */,
			);
			defaultConfigurationIsVisible = 0;
			defaultConfigurationName = Release;
		};
		D5C4C0821F1865EE002B4218 /* Build configuration list for PBXNativeTarget "PodTestTests" */ = {
			isa = XCConfigurationList;
			buildConfigurations = (
				D5C4C0831F1865EE002B4218 /* Debug */,
				D5C4C0841F1865EE002B4218 /* Release */,
			);
			defaultConfigurationIsVisible = 0;
			defaultConfigurationName = Release;
		};
		D5C4C0851F1865EE002B4218 /* Build configuration list for PBXNativeTarget "PodTestUITests" */ = {
			isa = XCConfigurationList;
			buildConfigurations = (
				D5C4C0861F1865EE002B4218 /* Debug */,
				D5C4C0871F1865EE002B4218 /* Release */,
			);
			defaultConfigurationIsVisible = 0;
			defaultConfigurationName = Release;
		};
/* End XCConfigurationList section */
	};
	rootObject = D5C4C04F1F1865ED002B4218 /* Project object */;
}
